
Microsoft Visual Studio Solution File, Format Version 12.00
# Visual Studio Version 17
VisualStudioVersion = 17.2.32505.173
MinimumVisualStudioVersion = 10.0.40219.1
Project("{9A19103F-16F7-4668-BE54-9A1E7A4F7556}") = "Surveyor.Domain", "src\Surveyor.Domain\Surveyor.Domain.csproj", "{192650CB-3764-4DC7-A650-E7ECB565C64B}"
EndProject
Project("{2150E333-8FDC-42A3-9474-1A3956D46DE8}") = "src", "src", "{36B409BB-FABF-4DD2-AEE1-B2906CD470B7}"
EndProject
Project("{9A19103F-16F7-4668-BE54-9A1E7A4F7556}") = "Surveyor.Application", "src\Surveyor.Application\Surveyor.Application.csproj", "{670783C8-9905-492A-ACA4-7EBA7F70D7BD}"
EndProject
Project("{9A19103F-16F7-4668-BE54-9A1E7A4F7556}") = "Surveyor.Infrastructure", "src\Surveyor.Infrastructure\Surveyor.Infrastructure.csproj", "{3D5E8A49-D9DC-445B-BBC7-915BE9E648B1}"
EndProject
Project("{9A19103F-16F7-4668-BE54-9A1E7A4F7556}") = "Surveyor.Presentation", "src\Surveyor.Presentation\Surveyor.Presentation.csproj", "{BC28AE5A-4996-4E74-B93B-47E2FB6E1FD7}"
EndProject
Project("{2150E333-8FDC-42A3-9474-1A3956D46DE8}") = "Solution Items", "Solution Items", "{1A8F7EE7-5880-4299-8A31-94870F81DC81}"
	ProjectSection(SolutionItems) = preProject
		.gitignore = .gitignore
		azure-devops.yaml = azure-devops.yaml
		Dockerfile = Dockerfile
		LICENSE = LICENSE
		Read Me.md = Read Me.md
	EndProjectSection
EndProject
Project("{9A19103F-16F7-4668-BE54-9A1E7A4F7556}") = "Surveyor.SharedKernel", "src\Surveyor.SharedKernel\Surveyor.SharedKernel.csproj", "{561C0200-6324-4E74-AA17-2E60D14106FB}"
EndProject
Project("{2150E333-8FDC-42A3-9474-1A3956D46DE8}") = "tests", "tests", "{CE095757-681C-4B88-890A-969A4DBBAE30}"
EndProject
Project("{9A19103F-16F7-4668-BE54-9A1E7A4F7556}") = "Surveyor.UnitTests", "tests\Surveyor.UnitTests\Surveyor.UnitTests.csproj", "{BD49FBCF-E978-4E38-8023-3A8D2405B56D}"
EndProject
Project("{9A19103F-16F7-4668-BE54-9A1E7A4F7556}") = "Surveyor.FunctionalTests", "tests\Surveyor.FunctionalTests\Surveyor.FunctionalTests.csproj", "{12B9FBB1-4765-4903-81D5-2349E2534691}"
EndProject
Project("{2150E333-8FDC-42A3-9474-1A3956D46DE8}") = "helm", "helm", "{BBD1810E-084D-41D8-8B39-C2974A548CF6}"
	ProjectSection(SolutionItems) = preProject
		helm\.helmignore = helm\.helmignore
		helm\Chart.yaml = helm\Chart.yaml
		helm\values.yaml = helm\values.yaml
	EndProjectSection
EndProject
Project("{2150E333-8FDC-42A3-9474-1A3956D46DE8}") = "charts", "charts", "{E2D8F7B2-6DA9-4CE6-A42D-25B7CCDC22C1}"
EndProject
Project("{2150E333-8FDC-42A3-9474-1A3956D46DE8}") = "templates", "templates", "{09DEAA28-FD56-440A-8DF3-CE49504920DA}"
	ProjectSection(SolutionItems) = preProject
		helm\templates\configmap.yaml = helm\templates\configmap.yaml
		helm\templates\deployment.yaml = helm\templates\deployment.yaml
		helm\templates\hpa.yaml = helm\templates\hpa.yaml
		helm\templates\ingress.yaml = helm\templates\ingress.yaml
		helm\templates\NOTES.txt = helm\templates\NOTES.txt
		helm\templates\secretsmap.yaml = helm\templates\secretsmap.yaml
		helm\templates\service.yaml = helm\templates\service.yaml
		helm\templates\serviceaccount.yaml = helm\templates\serviceaccount.yaml
		helm\templates\_helpers.tpl = helm\templates\_helpers.tpl
	EndProjectSection
EndProject
Global
	GlobalSection(SolutionConfigurationPlatforms) = preSolution
		Debug|Any CPU = Debug|Any CPU
		Release|Any CPU = Release|Any CPU
	EndGlobalSection
	GlobalSection(ProjectConfigurationPlatforms) = postSolution
		{192650CB-3764-4DC7-A650-E7ECB565C64B}.Debug|Any CPU.ActiveCfg = Debug|Any CPU
		{192650CB-3764-4DC7-A650-E7ECB565C64B}.Debug|Any CPU.Build.0 = Debug|Any CPU
		{192650CB-3764-4DC7-A650-E7ECB565C64B}.Release|Any CPU.ActiveCfg = Release|Any CPU
		{192650CB-3764-4DC7-A650-E7ECB565C64B}.Release|Any CPU.Build.0 = Release|Any CPU
		{670783C8-9905-492A-ACA4-7EBA7F70D7BD}.Debug|Any CPU.ActiveCfg = Debug|Any CPU
		{670783C8-9905-492A-ACA4-7EBA7F70D7BD}.Debug|Any CPU.Build.0 = Debug|Any CPU
		{670783C8-9905-492A-ACA4-7EBA7F70D7BD}.Release|Any CPU.ActiveCfg = Release|Any CPU
		{670783C8-9905-492A-ACA4-7EBA7F70D7BD}.Release|Any CPU.Build.0 = Release|Any CPU
		{3D5E8A49-D9DC-445B-BBC7-915BE9E648B1}.Debug|Any CPU.ActiveCfg = Debug|Any CPU
		{3D5E8A49-D9DC-445B-BBC7-915BE9E648B1}.Debug|Any CPU.Build.0 = Debug|Any CPU
		{3D5E8A49-D9DC-445B-BBC7-915BE9E648B1}.Release|Any CPU.ActiveCfg = Release|Any CPU
		{3D5E8A49-D9DC-445B-BBC7-915BE9E648B1}.Release|Any CPU.Build.0 = Release|Any CPU
		{BC28AE5A-4996-4E74-B93B-47E2FB6E1FD7}.Debug|Any CPU.ActiveCfg = Debug|Any CPU
		{BC28AE5A-4996-4E74-B93B-47E2FB6E1FD7}.Debug|Any CPU.Build.0 = Debug|Any CPU
		{BC28AE5A-4996-4E74-B93B-47E2FB6E1FD7}.Release|Any CPU.ActiveCfg = Release|Any CPU
		{BC28AE5A-4996-4E74-B93B-47E2FB6E1FD7}.Release|Any CPU.Build.0 = Release|Any CPU
		{561C0200-6324-4E74-AA17-2E60D14106FB}.Debug|Any CPU.ActiveCfg = Debug|Any CPU
		{561C0200-6324-4E74-AA17-2E60D14106FB}.Debug|Any CPU.Build.0 = Debug|Any CPU
		{561C0200-6324-4E74-AA17-2E60D14106FB}.Release|Any CPU.ActiveCfg = Release|Any CPU
		{561C0200-6324-4E74-AA17-2E60D14106FB}.Release|Any CPU.Build.0 = Release|Any CPU
		{BD49FBCF-E978-4E38-8023-3A8D2405B56D}.Debug|Any CPU.ActiveCfg = Debug|Any CPU
		{BD49FBCF-E978-4E38-8023-3A8D2405B56D}.Debug|Any CPU.Build.0 = Debug|Any CPU
		{BD49FBCF-E978-4E38-8023-3A8D2405B56D}.Release|Any CPU.ActiveCfg = Release|Any CPU
		{BD49FBCF-E978-4E38-8023-3A8D2405B56D}.Release|Any CPU.Build.0 = Release|Any CPU
		{12B9FBB1-4765-4903-81D5-2349E2534691}.Debug|Any CPU.ActiveCfg = Debug|Any CPU
		{12B9FBB1-4765-4903-81D5-2349E2534691}.Debug|Any CPU.Build.0 = Debug|Any CPU
		{12B9FBB1-4765-4903-81D5-2349E2534691}.Release|Any CPU.ActiveCfg = Release|Any CPU
		{12B9FBB1-4765-4903-81D5-2349E2534691}.Release|Any CPU.Build.0 = Release|Any CPU
	EndGlobalSection
	GlobalSection(SolutionProperties) = preSolution
		HideSolutionNode = FALSE
	EndGlobalSection
	GlobalSection(NestedProjects) = preSolution
		{192650CB-3764-4DC7-A650-E7ECB565C64B} = {36B409BB-FABF-4DD2-AEE1-B2906CD470B7}
		{670783C8-9905-492A-ACA4-7EBA7F70D7BD} = {36B409BB-FABF-4DD2-AEE1-B2906CD470B7}
		{3D5E8A49-D9DC-445B-BBC7-915BE9E648B1} = {36B409BB-FABF-4DD2-AEE1-B2906CD470B7}
		{BC28AE5A-4996-4E74-B93B-47E2FB6E1FD7} = {36B409BB-FABF-4DD2-AEE1-B2906CD470B7}
		{561C0200-6324-4E74-AA17-2E60D14106FB} = {36B409BB-FABF-4DD2-AEE1-B2906CD470B7}
		{BD49FBCF-E978-4E38-8023-3A8D2405B56D} = {CE095757-681C-4B88-890A-969A4DBBAE30}
		{12B9FBB1-4765-4903-81D5-2349E2534691} = {CE095757-681C-4B88-890A-969A4DBBAE30}
		{BBD1810E-084D-41D8-8B39-C2974A548CF6} = {1A8F7EE7-5880-4299-8A31-94870F81DC81}
		{E2D8F7B2-6DA9-4CE6-A42D-25B7CCDC22C1} = {BBD1810E-084D-41D8-8B39-C2974A548CF6}
		{09DEAA28-FD56-440A-8DF3-CE49504920DA} = {BBD1810E-084D-41D8-8B39-C2974A548CF6}
	EndGlobalSection
	GlobalSection(ExtensibilityGlobals) = postSolution
		SolutionGuid = {DD0024E7-7751-43BA-A7EC-68E1F2410A2A}
	EndGlobalSection
EndGlobal
